
Microsoft Visual Studio Solution File, Format Version 12.00
# Visual Studio 15
VisualStudioVersion = 15.0.28010.2016
MinimumVisualStudioVersion = 10.0.40219.1
Project("{FAE04EC0-301F-11D3-BF4B-00C04F79EFBC}") = "hubSpot.Client", "hubSpotClient\hubSpot.Client.csproj", "{59321D4E-1D4A-4DFB-B466-541A65BF3424}"
EndProject
Project("{FAE04EC0-301F-11D3-BF4B-00C04F79EFBC}") = "hubSpot.Dtos", "hubSpot.Dtos\hubSpot.Dtos.csproj", "{6F77F2A7-4ED7-49B1-A7E2-5DCF7463901D}"
EndProject
Project("{FAE04EC0-301F-11D3-BF4B-00C04F79EFBC}") = "hubSpot.ExcelExporter", "hubSpot.ExcelExporter\hubSpot.ExcelExporter.csproj", "{A4D2A183-C0F8-4DFC-B3BA-0288B4CD00CE}"
EndProject
Global
	GlobalSection(SolutionConfigurationPlatforms) = preSolution
		Debug|Any CPU = Debug|Any CPU
		Release|Any CPU = Release|Any CPU
	EndGlobalSection
	GlobalSection(ProjectConfigurationPlatforms) = postSolution
		{59321D4E-1D4A-4DFB-B466-541A65BF3424}.Debug|Any CPU.ActiveCfg = Debug|Any CPU
		{59321D4E-1D4A-4DFB-B466-541A65BF3424}.Debug|Any CPU.Build.0 = Debug|Any CPU
		{59321D4E-1D4A-4DFB-B466-541A65BF3424}.Release|Any CPU.ActiveCfg = Release|Any CPU
		{59321D4E-1D4A-4DFB-B466-541A65BF3424}.Release|Any CPU.Build.0 = Release|Any CPU
		{6F77F2A7-4ED7-49B1-A7E2-5DCF7463901D}.Debug|Any CPU.ActiveCfg = Debug|Any CPU
		{6F77F2A7-4ED7-49B1-A7E2-5DCF7463901D}.Debug|Any CPU.Build.0 = Debug|Any CPU
		{6F77F2A7-4ED7-49B1-A7E2-5DCF7463901D}.Release|Any CPU.ActiveCfg = Release|Any CPU
		{6F77F2A7-4ED7-49B1-A7E2-5DCF7463901D}.Release|Any CPU.Build.0 = Release|Any CPU
		{A4D2A183-C0F8-4DFC-B3BA-0288B4CD00CE}.Debug|Any CPU.ActiveCfg = Debug|Any CPU
		{A4D2A183-C0F8-4DFC-B3BA-0288B4CD00CE}.Debug|Any CPU.Build.0 = Debug|Any CPU
		{A4D2A183-C0F8-4DFC-B3BA-0288B4CD00CE}.Release|Any CPU.ActiveCfg = Release|Any CPU
		{A4D2A183-C0F8-4DFC-B3BA-0288B4CD00CE}.Release|Any CPU.Build.0 = Release|Any CPU
	EndGlobalSection
	GlobalSection(SolutionProperties) = preSolution
		HideSolutionNode = FALSE
	EndGlobalSection
	GlobalSection(ExtensibilityGlobals) = postSolution
		SolutionGuid = {DA061676-04DB-46A3-81AF-7CD8A1A3543A}
	EndGlobalSection
EndGlobal
